// !$*UTF8*$!
{
	archiveVersion = 1;
	classes = {
	};
	objectVersion = 48;
	objects = {

/* Begin PBXBuildFile section */
		C01ED9BE20640B6B0071C6F6 /* CategoryTableViewController.swift in Sources */ = {isa = PBXBuildFile; fileRef = C01ED9BD20640B6B0071C6F6 /* CategoryTableViewController.swift */; };
		C03EDCAC206541B20074A2CF /* Item.swift in Sources */ = {isa = PBXBuildFile; fileRef = C03EDCAB206541B20074A2CF /* Item.swift */; };
		C03EDCAE206541BF0074A2CF /* Category.swift in Sources */ = {isa = PBXBuildFile; fileRef = C03EDCAD206541BF0074A2CF /* Category.swift */; };
		C048668A2065EDD900E193CC /* SwipeTableViewController.swift in Sources */ = {isa = PBXBuildFile; fileRef = C04866892065EDD900E193CC /* SwipeTableViewController.swift */; };
		C08CF7D5205DE4480034113A /* AppDelegate.swift in Sources */ = {isa = PBXBuildFile; fileRef = C08CF7D4205DE4480034113A /* AppDelegate.swift */; };
		C08CF7DA205DE4480034113A /* Main.storyboard in Resources */ = {isa = PBXBuildFile; fileRef = C08CF7D8205DE4480034113A /* Main.storyboard */; };
		C08CF7DC205DE4480034113A /* Assets.xcassets in Resources */ = {isa = PBXBuildFile; fileRef = C08CF7DB205DE4480034113A /* Assets.xcassets */; };
		C08CF7DF205DE4480034113A /* LaunchScreen.storyboard in Resources */ = {isa = PBXBuildFile; fileRef = C08CF7DD205DE4480034113A /* LaunchScreen.storyboard */; };
		C08CF7E7205DE59A0034113A /* TodoListViewController.swift in Sources */ = {isa = PBXBuildFile; fileRef = C08CF7E6205DE59A0034113A /* TodoListViewController.swift */; };
		FEF739DFE246D8C27D687C3E /* Pods_Todoey.framework in Frameworks */ = {isa = PBXBuildFile; fileRef = 692FF993BD747AB7D4A53761 /* Pods_Todoey.framework */; };
/* End PBXBuildFile section */

/* Begin PBXFileReference section */
		3AA2FF53E24987DC2BCD4D95 /* Pods-Todoey.debug.xcconfig */ = {isa = PBXFileReference; includeInIndex = 1; lastKnownFileType = text.xcconfig; name = "Pods-Todoey.debug.xcconfig"; path = "Pods/Target Support Files/Pods-Todoey/Pods-Todoey.debug.xcconfig"; sourceTree = "<group>"; };
		692FF993BD747AB7D4A53761 /* Pods_Todoey.framework */ = {isa = PBXFileReference; explicitFileType = wrapper.framework; includeInIndex = 0; path = Pods_Todoey.framework; sourceTree = BUILT_PRODUCTS_DIR; };
		BB4A5A61A0BECF09E1DDA172 /* Pods-Todoey.release.xcconfig */ = {isa = PBXFileReference; includeInIndex = 1; lastKnownFileType = text.xcconfig; name = "Pods-Todoey.release.xcconfig"; path = "Pods/Target Support Files/Pods-Todoey/Pods-Todoey.release.xcconfig"; sourceTree = "<group>"; };
		C01ED9BD20640B6B0071C6F6 /* CategoryTableViewController.swift */ = {isa = PBXFileReference; lastKnownFileType = sourcecode.swift; path = CategoryTableViewController.swift; sourceTree = "<group>"; };
		C03EDCAB206541B20074A2CF /* Item.swift */ = {isa = PBXFileReference; lastKnownFileType = sourcecode.swift; path = Item.swift; sourceTree = "<group>"; };
		C03EDCAD206541BF0074A2CF /* Category.swift */ = {isa = PBXFileReference; lastKnownFileType = sourcecode.swift; path = Category.swift; sourceTree = "<group>"; };
		C04866892065EDD900E193CC /* SwipeTableViewController.swift */ = {isa = PBXFileReference; lastKnownFileType = sourcecode.swift; path = SwipeTableViewController.swift; sourceTree = "<group>"; };
		C08CF7D1205DE4480034113A /* Todoey.app */ = {isa = PBXFileReference; explicitFileType = wrapper.application; includeInIndex = 0; path = Todoey.app; sourceTree = BUILT_PRODUCTS_DIR; };
		C08CF7D4205DE4480034113A /* AppDelegate.swift */ = {isa = PBXFileReference; lastKnownFileType = sourcecode.swift; path = AppDelegate.swift; sourceTree = "<group>"; };
		C08CF7D9205DE4480034113A /* Base */ = {isa = PBXFileReference; lastKnownFileType = file.storyboard; name = Base; path = Base.lproj/Main.storyboard; sourceTree = "<group>"; };
		C08CF7DB205DE4480034113A /* Assets.xcassets */ = {isa = PBXFileReference; lastKnownFileType = folder.assetcatalog; path = Assets.xcassets; sourceTree = "<group>"; };
		C08CF7DE205DE4480034113A /* Base */ = {isa = PBXFileReference; lastKnownFileType = file.storyboard; name = Base; path = Base.lproj/LaunchScreen.storyboard; sourceTree = "<group>"; };
		C08CF7E0205DE4480034113A /* Info.plist */ = {isa = PBXFileReference; lastKnownFileType = text.plist.xml; path = Info.plist; sourceTree = "<group>"; };
		C08CF7E6205DE59A0034113A /* TodoListViewController.swift */ = {isa = PBXFileReference; lastKnownFileType = sourcecode.swift; path = TodoListViewController.swift; sourceTree = "<group>"; };
/* End PBXFileReference section */

/* Begin PBXFrameworksBuildPhase section */
		C08CF7CE205DE4480034113A /* Frameworks */ = {
			isa = PBXFrameworksBuildPhase;
			buildActionMask = 2147483647;
			files = (
				FEF739DFE246D8C27D687C3E /* Pods_Todoey.framework in Frameworks */,
			);
			runOnlyForDeploymentPostprocessing = 0;
		};
/* End PBXFrameworksBuildPhase section */

/* Begin PBXGroup section */
		AD21A7423E0B9FC2462D579C /* Pods */ = {
			isa = PBXGroup;
			children = (
				3AA2FF53E24987DC2BCD4D95 /* Pods-Todoey.debug.xcconfig */,
				BB4A5A61A0BECF09E1DDA172 /* Pods-Todoey.release.xcconfig */,
			);
			name = Pods;
			sourceTree = "<group>";
		};
		C08CF7C8205DE4480034113A = {
			isa = PBXGroup;
			children = (
				C08CF7D3205DE4480034113A /* Todoey */,
				C08CF7D2205DE4480034113A /* Products */,
				AD21A7423E0B9FC2462D579C /* Pods */,
				F2D618FBA2844E0EAABEF86F /* Frameworks */,
			);
			sourceTree = "<group>";
		};
		C08CF7D2205DE4480034113A /* Products */ = {
			isa = PBXGroup;
			children = (
				C08CF7D1205DE4480034113A /* Todoey.app */,
			);
			name = Products;
			sourceTree = "<group>";
		};
		C08CF7D3205DE4480034113A /* Todoey */ = {
			isa = PBXGroup;
			children = (
				C08CF7D4205DE4480034113A /* AppDelegate.swift */,
				C0B10604205F2815008A7157 /* Data Model */,
				C0B10606205F287E008A7157 /* Views */,
				C0B10605205F285A008A7157 /* Controllers */,
				C0B10607205F288C008A7157 /* Supporting Files */,
				C08CF7E0205DE4480034113A /* Info.plist */,
			);
			path = Todoey;
			sourceTree = "<group>";
		};
		C0B10604205F2815008A7157 /* Data Model */ = {
			isa = PBXGroup;
			children = (
				C03EDCAD206541BF0074A2CF /* Category.swift */,
				C03EDCAB206541B20074A2CF /* Item.swift */,
			);
			path = "Data Model";
			sourceTree = "<group>";
		};
		C0B10605205F285A008A7157 /* Controllers */ = {
			isa = PBXGroup;
			children = (
				C04866892065EDD900E193CC /* SwipeTableViewController.swift */,
				C01ED9BD20640B6B0071C6F6 /* CategoryTableViewController.swift */,
				C08CF7E6205DE59A0034113A /* TodoListViewController.swift */,
			);
			path = Controllers;
			sourceTree = "<group>";
		};
		C0B10606205F287E008A7157 /* Views */ = {
			isa = PBXGroup;
			children = (
				C08CF7D8205DE4480034113A /* Main.storyboard */,
			);
			path = Views;
			sourceTree = "<group>";
		};
		C0B10607205F288C008A7157 /* Supporting Files */ = {
			isa = PBXGroup;
			children = (
				C08CF7DD205DE4480034113A /* LaunchScreen.storyboard */,
				C08CF7DB205DE4480034113A /* Assets.xcassets */,
			);
			path = "Supporting Files";
			sourceTree = "<group>";
		};
		F2D618FBA2844E0EAABEF86F /* Frameworks */ = {
			isa = PBXGroup;
			children = (
				692FF993BD747AB7D4A53761 /* Pods_Todoey.framework */,
			);
			name = Frameworks;
			sourceTree = "<group>";
		};
/* End PBXGroup section */

/* Begin PBXNativeTarget section */
		C08CF7D0205DE4480034113A /* Todoey */ = {
			isa = PBXNativeTarget;
			buildConfigurationList = C08CF7E3205DE4480034113A /* Build configuration list for PBXNativeTarget "Todoey" */;
			buildPhases = (
				CA0FFD1CDB6A37F497F7806D /* [CP] Check Pods Manifest.lock */,
				C08CF7CD205DE4480034113A /* Sources */,
				C08CF7CE205DE4480034113A /* Frameworks */,
				C08CF7CF205DE4480034113A /* Resources */,
				54F04810800C59D7EE12C037 /* [CP] Embed Pods Frameworks */,
				14E9267B78468FA3CD0C9502 /* [CP] Copy Pods Resources */,
			);
			buildRules = (
			);
			dependencies = (
			);
			name = Todoey;
			productName = Todoey;
			productReference = C08CF7D1205DE4480034113A /* Todoey.app */;
			productType = "com.apple.product-type.application";
		};
/* End PBXNativeTarget section */

/* Begin PBXProject section */
		C08CF7C9205DE4480034113A /* Project object */ = {
			isa = PBXProject;
			attributes = {
				LastSwiftUpdateCheck = 0900;
				LastUpgradeCheck = 0900;
				ORGANIZATIONNAME = xander;
				TargetAttributes = {
					C08CF7D0205DE4480034113A = {
						CreatedOnToolsVersion = 9.0.1;
						ProvisioningStyle = Automatic;
					};
				};
			};
			buildConfigurationList = C08CF7CC205DE4480034113A /* Build configuration list for PBXProject "Todoey" */;
			compatibilityVersion = "Xcode 8.0";
			developmentRegion = en;
			hasScannedForEncodings = 0;
			knownRegions = (
				en,
				Base,
			);
			mainGroup = C08CF7C8205DE4480034113A;
			productRefGroup = C08CF7D2205DE4480034113A /* Products */;
			projectDirPath = "";
			projectRoot = "";
			targets = (
				C08CF7D0205DE4480034113A /* Todoey */,
			);
		};
/* End PBXProject section */

/* Begin PBXResourcesBuildPhase section */
		C08CF7CF205DE4480034113A /* Resources */ = {
			isa = PBXResourcesBuildPhase;
			buildActionMask = 2147483647;
			files = (
				C08CF7DF205DE4480034113A /* LaunchScreen.storyboard in Resources */,
				C08CF7DC205DE4480034113A /* Assets.xcassets in Resources */,
				C08CF7DA205DE4480034113A /* Main.storyboard in Resources */,
			);
			runOnlyForDeploymentPostprocessing = 0;
		};
/* End PBXResourcesBuildPhase section */

/* Begin PBXShellScriptBuildPhase section */
		14E9267B78468FA3CD0C9502 /* [CP] Copy Pods Resources */ = {
			isa = PBXShellScriptBuildPhase;
			buildActionMask = 2147483647;
			files = (
			);
			inputPaths = (
			);
			name = "[CP] Copy Pods Resources";
			outputPaths = (
			);
			runOnlyForDeploymentPostprocessing = 0;
			shellPath = /bin/sh;
			shellScript = "\"${SRCROOT}/Pods/Target Support Files/Pods-Todoey/Pods-Todoey-resources.sh\"\n";
			showEnvVarsInLog = 0;
		};
		54F04810800C59D7EE12C037 /* [CP] Embed Pods Frameworks */ = {
			isa = PBXShellScriptBuildPhase;
			buildActionMask = 2147483647;
			files = (
			);
			inputPaths = (
				"${SRCROOT}/Pods/Target Support Files/Pods-Todoey/Pods-Todoey-frameworks.sh",
				"${BUILT_PRODUCTS_DIR}/ChameleonFramework/ChameleonFramework.framework",
				"${BUILT_PRODUCTS_DIR}/Realm/Realm.framework",
				"${BUILT_PRODUCTS_DIR}/RealmSwift/RealmSwift.framework",
				"${BUILT_PRODUCTS_DIR}/SwipeCellKit/SwipeCellKit.framework",
			);
			name = "[CP] Embed Pods Frameworks";
			outputPaths = (
				"${TARGET_BUILD_DIR}/${FRAMEWORKS_FOLDER_PATH}/ChameleonFramework.framework",
				"${TARGET_BUILD_DIR}/${FRAMEWORKS_FOLDER_PATH}/Realm.framework",
				"${TARGET_BUILD_DIR}/${FRAMEWORKS_FOLDER_PATH}/RealmSwift.framework",
				"${TARGET_BUILD_DIR}/${FRAMEWORKS_FOLDER_PATH}/SwipeCellKit.framework",
			);
			runOnlyForDeploymentPostprocessing = 0;
			shellPath = /bin/sh;
			shellScript = "\"${SRCROOT}/Pods/Target Support Files/Pods-Todoey/Pods-Todoey-frameworks.sh\"\n";
			showEnvVarsInLog = 0;
		};
		CA0FFD1CDB6A37F497F7806D /* [CP] Check Pods Manifest.lock */ = {
			isa = PBXShellScriptBuildPhase;
			buildActionMask = 2147483647;
			files = (
			);
			inputPaths = (
				"${PODS_PODFILE_DIR_PATH}/Podfile.lock",
				"${PODS_ROOT}/Manifest.lock",
			);
			name = "[CP] Check Pods Manifest.lock";
			outputPaths = (
				"$(DERIVED_FILE_DIR)/Pods-Todoey-checkManifestLockResult.txt",
			);
			runOnlyForDeploymentPostprocessing = 0;
			shellPath = /bin/sh;
			shellScript = "diff \"${PODS_PODFILE_DIR_PATH}/Podfile.lock\" \"${PODS_ROOT}/Manifest.lock\" > /dev/null\nif [ $? != 0 ] ; then\n    # print error to STDERR\n    echo \"error: The sandbox is not in sync with the Podfile.lock. Run 'pod install' or update your CocoaPods installation.\" >&2\n    exit 1\nfi\n# This output is used by Xcode 'outputs' to avoid re-running this script phase.\necho \"SUCCESS\" > \"${SCRIPT_OUTPUT_FILE_0}\"\n";
			showEnvVarsInLog = 0;
		};
/* End PBXShellScriptBuildPhase section */

/* Begin PBXSourcesBuildPhase section */
		C08CF7CD205DE4480034113A /* Sources */ = {
			isa = PBXSourcesBuildPhase;
			buildActionMask = 2147483647;
			files = (
				C03EDCAC206541B20074A2CF /* Item.swift in Sources */,
				C08CF7E7205DE59A0034113A /* TodoListViewController.swift in Sources */,
				C08CF7D5205DE4480034113A /* AppDelegate.swift in Sources */,
				C01ED9BE20640B6B0071C6F6 /* CategoryTableViewController.swift in Sources */,
				C048668A2065EDD900E193CC /* SwipeTableViewController.swift in Sources */,
				C03EDCAE206541BF0074A2CF /* Category.swift in Sources */,
			);
			runOnlyForDeploymentPostprocessing = 0;
		};
/* End PBXSourcesBuildPhase section */

/* Begin PBXVariantGroup section */
		C08CF7D8205DE4480034113A /* Main.storyboard */ = {
			isa = PBXVariantGroup;
			children = (
				C08CF7D9205DE4480034113A /* Base */,
			);
			name = Main.storyboard;
			sourceTree = "<group>";
		};
		C08CF7DD205DE4480034113A /* LaunchScreen.storyboard */ = {
			isa = PBXVariantGroup;
			children = (
				C08CF7DE205DE4480034113A /* Base */,
			);
			name = LaunchScreen.storyboard;
			sourceTree = "<group>";
		};
/* End PBXVariantGroup section */

/* Begin XCBuildConfiguration section */
		C08CF7E1205DE4480034113A /* Debug */ = {
			isa = XCBuildConfiguration;
			buildSettings = {
				ALWAYS_SEARCH_USER_PATHS = NO;
				CLANG_ANALYZER_NONNULL = YES;
				CLANG_ANALYZER_NUMBER_OBJECT_CONVERSION = YES_AGGRESSIVE;
				CLANG_CXX_LANGUAGE_STANDARD = "gnu++14";
				CLANG_CXX_LIBRARY = "libc++";
				CLANG_ENABLE_MODULES = YES;
				CLANG_ENABLE_OBJC_ARC = YES;
				CLANG_WARN_BLOCK_CAPTURE_AUTORELEASING = YES;
				CLANG_WARN_BOOL_CONVERSION = YES;
				CLANG_WARN_COMMA = YES;
				CLANG_WARN_CONSTANT_CONVERSION = YES;
				CLANG_WARN_DIRECT_OBJC_ISA_USAGE = YES_ERROR;
				CLANG_WARN_DOCUMENTATION_COMMENTS = YES;
				CLANG_WARN_EMPTY_BODY = YES;
				CLANG_WARN_ENUM_CONVERSION = YES;
				CLANG_WARN_INFINITE_RECURSION = YES;
				CLANG_WARN_INT_CONVERSION = YES;
				CLANG_WARN_NON_LITERAL_NULL_CONVERSION = YES;
				CLANG_WARN_OBJC_LITERAL_CONVERSION = YES;
				CLANG_WARN_OBJC_ROOT_CLASS = YES_ERROR;
				CLANG_WARN_RANGE_LOOP_ANALYSIS = YES;
				CLANG_WARN_STRICT_PROTOTYPES = YES;
				CLANG_WARN_SUSPICIOUS_MOVE = YES;
				CLANG_WARN_UNGUARDED_AVAILABILITY = YES_AGGRESSIVE;
				CLANG_WARN_UNREACHABLE_CODE = YES;
				CLANG_WARN__DUPLICATE_METHOD_MATCH = YES;
				CODE_SIGN_IDENTITY = "iPhone Developer";
				COPY_PHASE_STRIP = NO;
				DEBUG_INFORMATION_FORMAT = dwarf;
				ENABLE_STRICT_OBJC_MSGSEND = YES;
				ENABLE_TESTABILITY = YES;
				GCC_C_LANGUAGE_STANDARD = gnu11;
				GCC_DYNAMIC_NO_PIC = NO;
				GCC_NO_COMMON_BLOCKS = YES;
				GCC_OPTIMIZATION_LEVEL = 0;
				GCC_PREPROCESSOR_DEFINITIONS = (
					"DEBUG=1",
					"$(inherited)",
				);
				GCC_WARN_64_TO_32_BIT_CONVERSION = YES;
				GCC_WARN_ABOUT_RETURN_TYPE = YES_ERROR;
				GCC_WARN_UNDECLARED_SELECTOR = YES;
				GCC_WARN_UNINITIALIZED_AUTOS = YES_AGGRESSIVE;
				GCC_WARN_UNUSED_FUNCTION = YES;
				GCC_WARN_UNUSED_VARIABLE = YES;
				IPHONEOS_DEPLOYMENT_TARGET = 11.0;
				MTL_ENABLE_DEBUG_INFO = YES;
				ONLY_ACTIVE_ARCH = YES;
				SDKROOT = iphoneos;
				SWIFT_ACTIVE_COMPILATION_CONDITIONS = DEBUG;
				SWIFT_OPTIMIZATION_LEVEL = "-Onone";
			};
			name = Debug;
		};
		C08CF7E2205DE4480034113A /* Release */ = {
			isa = XCBuildConfiguration;
			buildSettings = {
				ALWAYS_SEARCH_USER_PATHS = NO;
				CLANG_ANALYZER_NONNULL = YES;
				CLANG_ANALYZER_NUMBER_OBJECT_CONVERSION = YES_AGGRESSIVE;
				CLANG_CXX_LANGUAGE_STANDARD = "gnu++14";
				CLANG_CXX_LIBRARY = "libc++";
				CLANG_ENABLE_MODULES = YES;
				CLANG_ENABLE_OBJC_ARC = YES;
				CLANG_WARN_BLOCK_CAPTURE_AUTORELEASING = YES;
				CLANG_WARN_BOOL_CONVERSION = YES;
				CLANG_WARN_COMMA = YES;
				CLANG_WARN_CONSTANT_CONVERSION = YES;
				CLANG_WARN_DIRECT_OBJC_ISA_USAGE = YES_ERROR;
				CLANG_WARN_DOCUMENTATION_COMMENTS = YES;
				CLANG_WARN_EMPTY_BODY = YES;
				CLANG_WARN_ENUM_CONVERSION = YES;
				CLANG_WARN_INFINITE_RECURSION = YES;
				CLANG_WARN_INT_CONVERSION = YES;
				CLANG_WARN_NON_LITERAL_NULL_CONVERSION = YES;
				CLANG_WARN_OBJC_LITERAL_CONVERSION = YES;
				CLANG_WARN_OBJC_ROOT_CLASS = YES_ERROR;
				CLANG_WARN_RANGE_LOOP_ANALYSIS = YES;
				CLANG_WARN_STRICT_PROTOTYPES = YES;
				CLANG_WARN_SUSPICIOUS_MOVE = YES;
				CLANG_WARN_UNGUARDED_AVAILABILITY = YES_AGGRESSIVE;
				CLANG_WARN_UNREACHABLE_CODE = YES;
				CLANG_WARN__DUPLICATE_METHOD_MATCH = YES;
				CODE_SIGN_IDENTITY = "iPhone Developer";
				COPY_PHASE_STRIP = NO;
				DEBUG_INFORMATION_FORMAT = "dwarf-with-dsym";
				ENABLE_NS_ASSERTIONS = NO;
				ENABLE_STRICT_OBJC_MSGSEND = YES;
				GCC_C_LANGUAGE_STANDARD = gnu11;
				GCC_NO_COMMON_BLOCKS = YES;
				GCC_WARN_64_TO_32_BIT_CONVERSION = YES;
				GCC_WARN_ABOUT_RETURN_TYPE = YES_ERROR;
				GCC_WARN_UNDECLARED_SELECTOR = YES;
				GCC_WARN_UNINITIALIZED_AUTOS = YES_AGGRESSIVE;
				GCC_WARN_UNUSED_FUNCTION = YES;
				GCC_WARN_UNUSED_VARIABLE = YES;
				IPHONEOS_DEPLOYMENT_TARGET = 11.0;
				MTL_ENABLE_DEBUG_INFO = NO;
				SDKROOT = iphoneos;
				SWIFT_OPTIMIZATION_LEVEL = "-Owholemodule";
				VALIDATE_PRODUCT = YES;
			};
			name = Release;
		};
		C08CF7E4205DE4480034113A /* Debug */ = {
			isa = XCBuildConfiguration;
			baseConfigurationReference = 3AA2FF53E24987DC2BCD4D95 /* Pods-Todoey.debug.xcconfig */;
			buildSettings = {
				ASSETCATALOG_COMPILER_APPICON_NAME = AppIcon;
				CODE_SIGN_STYLE = Automatic;
				DEVELOPMENT_TEAM = NCGTM97MB7;
				INFOPLIST_FILE = Todoey/Info.plist;
				IPHONEOS_DEPLOYMENT_TARGET = 11.0;
				LD_RUNPATH_SEARCH_PATHS = "$(inherited) @executable_path/Frameworks";
				PRODUCT_BUNDLE_IDENTIFIER = com.xander.Todoey;
				PRODUCT_NAME = "$(TARGET_NAME)";
				SWIFT_VERSION = 4.0;
				TARGETED_DEVICE_FAMILY = 1;
			};
			name = Debug;
		};
		C08CF7E5205DE4480034113A /* Release */ = {
			isa = XCBuildConfiguration;
			baseConfigurationReference = BB4A5A61A0BECF09E1DDA172 /* Pods-Todoey.release.xcconfig */;
			buildSettings = {
				ASSETCATALOG_COMPILER_APPICON_NAME = AppIcon;
				CODE_SIGN_STYLE = Automatic;
				DEVELOPMENT_TEAM = NCGTM97MB7;
				INFOPLIST_FILE = Todoey/Info.plist;
				IPHONEOS_DEPLOYMENT_TARGET = 11.0;
				LD_RUNPATH_SEARCH_PATHS = "$(inherited) @executable_path/Frameworks";
				PRODUCT_BUNDLE_IDENTIFIER = com.xander.Todoey;
				PRODUCT_NAME = "$(TARGET_NAME)";
				SWIFT_VERSION = 4.0;
				TARGETED_DEVICE_FAMILY = 1;
			};
			name = Release;
		};
/* End XCBuildConfiguration section */

/* Begin XCConfigurationList section */
		C08CF7CC205DE4480034113A /* Build configuration list for PBXProject "Todoey" */ = {
			isa = XCConfigurationList;
			buildConfigurations = (
				C08CF7E1205DE4480034113A /* Debug */,
				C08CF7E2205DE4480034113A /* Release */,
			);
			defaultConfigurationIsVisible = 0;
			defaultConfigurationName = Release;
		};
		C08CF7E3205DE4480034113A /* Build configuration list for PBXNativeTarget "Todoey" */ = {
			isa = XCConfigurationList;
			buildConfigurations = (
				C08CF7E4205DE4480034113A /* Debug */,
				C08CF7E5205DE4480034113A /* Release */,
			);
			defaultConfigurationIsVisible = 0;
			defaultConfigurationName = Release;
		};
/* End XCConfigurationList section */
	};
	rootObject = C08CF7C9205DE4480034113A /* Project object */;
}
